
Microsoft Visual Studio Solution File, Format Version 12.00
# Visual Studio Version 17
VisualStudioVersion = 17.3.32929.385
MinimumVisualStudioVersion = 10.0.40219.1
Project("{F184B08F-C81C-45F6-A57F-5ABD9991F28F}") = "SunbreezeSerialTool", "SunbreezeSerialTool\SunbreezeSerialTool.vbproj", "{ECFE8B9A-E112-4BA1-83F6-0CF8867BFAE6}"
EndProject
Global
	GlobalSection(SolutionConfigurationPlatforms) = preSolution
		Debug|Any CPU = Debug|Any CPU
		Release|Any CPU = Release|Any CPU
	EndGlobalSection
	GlobalSection(ProjectConfigurationPlatforms) = postSolution
		{ECFE8B9A-E112-4BA1-83F6-0CF8867BFAE6}.Debug|Any CPU.ActiveCfg = Debug|Any CPU
		{ECFE8B9A-E112-4BA1-83F6-0CF8867BFAE6}.Debug|Any CPU.Build.0 = Debug|Any CPU
		{ECFE8B9A-E112-4BA1-83F6-0CF8867BFAE6}.Release|Any CPU.ActiveCfg = Release|Any CPU
		{ECFE8B9A-E112-4BA1-83F6-0CF8867BFAE6}.Release|Any CPU.Build.0 = Release|Any CPU
	EndGlobalSection
	GlobalSection(SolutionProperties) = preSolution
		HideSolutionNode = FALSE
	EndGlobalSection
	GlobalSection(ExtensibilityGlobals) = postSolution
		SolutionGuid = {8BB9380B-5B2B-4F36-81E7-BF63F19D7029}
	EndGlobalSection
	GlobalSection(TeamFoundationVersionControl) = preSolution
		SccNumberOfProjects = 2
		SccEnterpriseProvider = {4CA58AB2-18FA-4F8D-95D4-32DDF27D184C}
		SccTeamFoundationServer = https://bhc666.visualstudio.com/
		SccLocalPath0 = .
		SccProjectUniqueName1 = SunbreezeSerialTool\\SunbreezeSerialTool.vbproj
		SccProjectName1 = SunbreezeSerialTool
		SccLocalPath1 = SunbreezeSerialTool
	EndGlobalSection
EndGlobal
